
Microsoft Visual Studio Solution File, Format Version 12.00
# Visual Studio Version 17
VisualStudioVersion = 17.3.32811.315
MinimumVisualStudioVersion = 10.0.40219.1
Project("{FAE04EC0-301F-11D3-BF4B-00C04F79EFBC}") = "Suey", "Suey.csproj", "{19BA5BE1-9238-42F6-93FA-026D133D4E5C}"
EndProject
Global
	GlobalSection(SolutionConfigurationPlatforms) = preSolution
		Debug|Any CPU = Debug|Any CPU
		Release|Any CPU = Release|Any CPU
	EndGlobalSection
	GlobalSection(ProjectConfigurationPlatforms) = postSolution
		{19BA5BE1-9238-42F6-93FA-026D133D4E5C}.Debug|Any CPU.ActiveCfg = Debug|Any CPU
		{19BA5BE1-9238-42F6-93FA-026D133D4E5C}.Debug|Any CPU.Build.0 = Debug|Any CPU
		{19BA5BE1-9238-42F6-93FA-026D133D4E5C}.Release|Any CPU.ActiveCfg = Release|Any CPU
		{19BA5BE1-9238-42F6-93FA-026D133D4E5C}.Release|Any CPU.Build.0 = Release|Any CPU
	EndGlobalSection
	GlobalSection(SolutionProperties) = preSolution
		HideSolutionNode = FALSE
	EndGlobalSection
	GlobalSection(ExtensibilityGlobals) = postSolution
		SolutionGuid = {B9FFF210-E3DD-45D4-B1F6-84CF6EB4230D}
	EndGlobalSection
EndGlobal
